# @generated by Move, please check-in and do not edit manually.

[move]
version = 2
manifest_digest = "6F6DA683D530F283E4EE9DC8447474BFDA44F6D7900950A127A188A807C0B254"
deps_digest = "F8BBB0CCB2491CA29A3DF03D6F92277A4F3574266507ACD77214D37ECA3F3082"
dependencies = [
  { name = "Sui" },
]

[[move.package]]
name = "MoveStdlib"
source = { git = "https://github.com/MystenLabs/sui.git", rev = "framework/devnet", subdir = "crates\\sui-framework\\packages\\move-stdlib" }

[[move.package]]
name = "Sui"
source = { git = "https://github.com/MystenLabs/sui.git", rev = "framework/devnet", subdir = "crates/sui-framework/packages/sui-framework" }

dependencies = [
  { name = "MoveStdlib" },
]

[move.toolchain-version]
compiler-version = "1.22.0"
edition = "legacy"
flavor = "sui"

[env]

[env.devnet]
chain-id = "aba66e60"
original-published-id = "0x69ce2bc9b11d7b47a9c99d6996cf490315bcf33371d0a97fe2cd6a7fcb50fd28"
latest-published-id = "0x69ce2bc9b11d7b47a9c99d6996cf490315bcf33371d0a97fe2cd6a7fcb50fd28"
published-version = "1"
