# @generated by Move, please check-in and do not edit manually.

[move]
version = 0

dependencies = [
  { name = "Sui" },
]
manifest_digest = "03267E4330F431B1D3A4BC0CEB39A870194669BC7828D2FD448EADC82ADB8AB5"
deps_digest = "F8BBB0CCB2491CA29A3DF03D6F92277A4F3574266507ACD77214D37ECA3F3082"

[[move.package]]
name = "MoveStdlib"
source = { git = "https://github.com/MystenLabs/sui.git", rev = "devnet", subdir = "crates/sui-framework/packages/move-stdlib" }

[[move.package]]
name = "Sui"
source = { git = "https://github.com/MystenLabs/sui.git", rev = "devnet", subdir = "crates/sui-framework/packages/sui-framework" }

dependencies = [
  { name = "MoveStdlib" },
]

[move.toolchain-version]
compiler-version = "1.22.0"
edition = "legacy"
flavor = "sui"

[env]

[env.devnet]
chain-id = "aba66e60"
original-published-id = "0x45ff6f8786b9a997869dce2f9bf1f0d12a9bbba8af1ceb25f31e101e27fd6eb5"
latest-published-id = "0x45ff6f8786b9a997869dce2f9bf1f0d12a9bbba8af1ceb25f31e101e27fd6eb5"
published-version = "1"
